
Microsoft Visual Studio Solution File, Format Version 12.00
# Visual Studio Version 17
VisualStudioVersion = 17.13.35931.197 d17.13
MinimumVisualStudioVersion = 10.0.40219.1
Project("{FAE04EC0-301F-11D3-BF4B-00C04F79EFBC}") = "WindowsErrorChecker", "WindowsErrorChecker.csproj", "{C986A26C-F54D-43F8-832C-4E95CF3A195F}"
EndProject
Global
	GlobalSection(SolutionConfigurationPlatforms) = preSolution
		Debug|Any CPU = Debug|Any CPU
		Release|Any CPU = Release|Any CPU
	EndGlobalSection
	GlobalSection(ProjectConfigurationPlatforms) = postSolution
		{C986A26C-F54D-43F8-832C-4E95CF3A195F}.Debug|Any CPU.ActiveCfg = Debug|Any CPU
		{C986A26C-F54D-43F8-832C-4E95CF3A195F}.Debug|Any CPU.Build.0 = Debug|Any CPU
		{C986A26C-F54D-43F8-832C-4E95CF3A195F}.Release|Any CPU.ActiveCfg = Release|Any CPU
		{C986A26C-F54D-43F8-832C-4E95CF3A195F}.Release|Any CPU.Build.0 = Release|Any CPU
	EndGlobalSection
	GlobalSection(SolutionProperties) = preSolution
		HideSolutionNode = FALSE
	EndGlobalSection
	GlobalSection(ExtensibilityGlobals) = postSolution
		SolutionGuid = {F0DDE6AD-F31D-4916-A606-C30E6618EA2A}
	EndGlobalSection
EndGlobal
